// !$*UTF8*$!
{
	archiveVersion = 1;
	classes = {
	};
	objectVersion = 46;
	objects = {

/* Begin PBXBuildFile section */
		18478D6C1A1354FA0018BDEF /* PublicClassMethod.m in Sources */ = {isa = PBXBuildFile; fileRef = 18478D6B1A1354FA0018BDEF /* PublicClassMethod.m */; };
		18478D721A1359640018BDEF /* First1NormalCell.m in Sources */ = {isa = PBXBuildFile; fileRef = 18478D711A1359640018BDEF /* First1NormalCell.m */; };
		18478D751A1362300018BDEF /* CM.sql in Resources */ = {isa = PBXBuildFile; fileRef = 18478D741A1362300018BDEF /* CM.sql */; };
		18478D771A1362800018BDEF /* DBConfig.plist in Resources */ = {isa = PBXBuildFile; fileRef = 18478D761A1362800018BDEF /* DBConfig.plist */; };
		18478D7B1A1362E00018BDEF /* ZWYDBHelper.m in Sources */ = {isa = PBXBuildFile; fileRef = 18478D7A1A1362E00018BDEF /* ZWYDBHelper.m */; };
		18478D9A1A13670D0018BDEF /* FMDatabase.m in Sources */ = {isa = PBXBuildFile; fileRef = 18478D901A13670D0018BDEF /* FMDatabase.m */; };
		18478D9B1A13670D0018BDEF /* FMDatabaseAdditions.m in Sources */ = {isa = PBXBuildFile; fileRef = 18478D921A13670D0018BDEF /* FMDatabaseAdditions.m */; };
		18478D9C1A13670D0018BDEF /* FMDatabasePool.m in Sources */ = {isa = PBXBuildFile; fileRef = 18478D941A13670D0018BDEF /* FMDatabasePool.m */; };
		18478D9D1A13670D0018BDEF /* FMDatabaseQueue.m in Sources */ = {isa = PBXBuildFile; fileRef = 18478D961A13670D0018BDEF /* FMDatabaseQueue.m */; };
		18478D9E1A13670D0018BDEF /* FMResultSet.m in Sources */ = {isa = PBXBuildFile; fileRef = 18478D991A13670D0018BDEF /* FMResultSet.m */; };
		18478DA01A13678C0018BDEF /* libsqlite3.dylib in Frameworks */ = {isa = PBXBuildFile; fileRef = 18478D9F1A13678C0018BDEF /* libsqlite3.dylib */; };
		18D294A41A0F644600D0714D /* CMTabBarViewController.m in Sources */ = {isa = PBXBuildFile; fileRef = 18D294A31A0F644600D0714D /* CMTabBarViewController.m */; };
		18D317521A089AF8003F98C9 /* main.m in Sources */ = {isa = PBXBuildFile; fileRef = 18D317511A089AF8003F98C9 /* main.m */; };
		18D317551A089AF8003F98C9 /* AppDelegate.m in Sources */ = {isa = PBXBuildFile; fileRef = 18D317541A089AF8003F98C9 /* AppDelegate.m */; };
		18D317581A089AF8003F98C9 /* FirstViewController.m in Sources */ = {isa = PBXBuildFile; fileRef = 18D317571A089AF8003F98C9 /* FirstViewController.m */; };
		18D3175B1A089AF8003F98C9 /* SecondViewController.m in Sources */ = {isa = PBXBuildFile; fileRef = 18D3175A1A089AF8003F98C9 /* SecondViewController.m */; };
		18D3175E1A089AF8003F98C9 /* Main.storyboard in Resources */ = {isa = PBXBuildFile; fileRef = 18D3175C1A089AF8003F98C9 /* Main.storyboard */; };
		18D317601A089AF8003F98C9 /* Images.xcassets in Resources */ = {isa = PBXBuildFile; fileRef = 18D3175F1A089AF8003F98C9 /* Images.xcassets */; };
		18D317631A089AF8003F98C9 /* LaunchScreen.xib in Resources */ = {isa = PBXBuildFile; fileRef = 18D317611A089AF8003F98C9 /* LaunchScreen.xib */; };
		18D3176F1A089AF8003F98C9 /* CMTests.m in Sources */ = {isa = PBXBuildFile; fileRef = 18D3176E1A089AF8003F98C9 /* CMTests.m */; };
		18D3177B1A089CE7003F98C9 /* First1TableViewController.m in Sources */ = {isa = PBXBuildFile; fileRef = 18D3177A1A089CE7003F98C9 /* First1TableViewController.m */; };
/* End PBXBuildFile section */

/* Begin PBXContainerItemProxy section */
		18D317691A089AF8003F98C9 /* PBXContainerItemProxy */ = {
			isa = PBXContainerItemProxy;
			containerPortal = 18D317441A089AF8003F98C9 /* Project object */;
			proxyType = 1;
			remoteGlobalIDString = 18D3174B1A089AF8003F98C9;
			remoteInfo = CM;
		};
/* End PBXContainerItemProxy section */

/* Begin PBXFileReference section */
		18478D6A1A1354FA0018BDEF /* PublicClassMethod.h */ = {isa = PBXFileReference; fileEncoding = 4; lastKnownFileType = sourcecode.c.h; path = PublicClassMethod.h; sourceTree = "<group>"; };
		18478D6B1A1354FA0018BDEF /* PublicClassMethod.m */ = {isa = PBXFileReference; fileEncoding = 4; lastKnownFileType = sourcecode.c.objc; path = PublicClassMethod.m; sourceTree = "<group>"; };
		18478D6E1A1355C80018BDEF /* Header.h */ = {isa = PBXFileReference; lastKnownFileType = sourcecode.c.h; name = Header.h; path = Header/Header.h; sourceTree = "<group>"; };
		18478D701A1359640018BDEF /* First1NormalCell.h */ = {isa = PBXFileReference; fileEncoding = 4; lastKnownFileType = sourcecode.c.h; name = First1NormalCell.h; path = Manager/First1NormalCell.h; sourceTree = "<group>"; };
		18478D711A1359640018BDEF /* First1NormalCell.m */ = {isa = PBXFileReference; fileEncoding = 4; lastKnownFileType = sourcecode.c.objc; name = First1NormalCell.m; path = Manager/First1NormalCell.m; sourceTree = "<group>"; };
		18478D731A135B4C0018BDEF /* ZWYKeyMacro.h */ = {isa = PBXFileReference; lastKnownFileType = sourcecode.c.h; name = ZWYKeyMacro.h; path = Header/ZWYKeyMacro.h; sourceTree = "<group>"; };
		18478D741A1362300018BDEF /* CM.sql */ = {isa = PBXFileReference; fileEncoding = 4; lastKnownFileType = text; path = CM.sql; sourceTree = "<group>"; };
		18478D761A1362800018BDEF /* DBConfig.plist */ = {isa = PBXFileReference; fileEncoding = 4; lastKnownFileType = text.plist.xml; path = DBConfig.plist; sourceTree = "<group>"; };
		18478D791A1362E00018BDEF /* ZWYDBHelper.h */ = {isa = PBXFileReference; fileEncoding = 4; lastKnownFileType = sourcecode.c.h; name = ZWYDBHelper.h; path = DBHelper/ZWYDBHelper.h; sourceTree = "<group>"; };
		18478D7A1A1362E00018BDEF /* ZWYDBHelper.m */ = {isa = PBXFileReference; fileEncoding = 4; lastKnownFileType = sourcecode.c.objc; name = ZWYDBHelper.m; path = DBHelper/ZWYDBHelper.m; sourceTree = "<group>"; };
		18478D8F1A13670D0018BDEF /* FMDatabase.h */ = {isa = PBXFileReference; fileEncoding = 4; lastKnownFileType = sourcecode.c.h; path = FMDatabase.h; sourceTree = "<group>"; };
		18478D901A13670D0018BDEF /* FMDatabase.m */ = {isa = PBXFileReference; fileEncoding = 4; lastKnownFileType = sourcecode.c.objc; path = FMDatabase.m; sourceTree = "<group>"; };
		18478D911A13670D0018BDEF /* FMDatabaseAdditions.h */ = {isa = PBXFileReference; fileEncoding = 4; lastKnownFileType = sourcecode.c.h; path = FMDatabaseAdditions.h; sourceTree = "<group>"; };
		18478D921A13670D0018BDEF /* FMDatabaseAdditions.m */ = {isa = PBXFileReference; fileEncoding = 4; lastKnownFileType = sourcecode.c.objc; path = FMDatabaseAdditions.m; sourceTree = "<group>"; };
		18478D931A13670D0018BDEF /* FMDatabasePool.h */ = {isa = PBXFileReference; fileEncoding = 4; lastKnownFileType = sourcecode.c.h; path = FMDatabasePool.h; sourceTree = "<group>"; };
		18478D941A13670D0018BDEF /* FMDatabasePool.m */ = {isa = PBXFileReference; fileEncoding = 4; lastKnownFileType = sourcecode.c.objc; path = FMDatabasePool.m; sourceTree = "<group>"; };
		18478D951A13670D0018BDEF /* FMDatabaseQueue.h */ = {isa = PBXFileReference; fileEncoding = 4; lastKnownFileType = sourcecode.c.h; path = FMDatabaseQueue.h; sourceTree = "<group>"; };
		18478D961A13670D0018BDEF /* FMDatabaseQueue.m */ = {isa = PBXFileReference; fileEncoding = 4; lastKnownFileType = sourcecode.c.objc; path = FMDatabaseQueue.m; sourceTree = "<group>"; };
		18478D971A13670D0018BDEF /* FMDB.h */ = {isa = PBXFileReference; fileEncoding = 4; lastKnownFileType = sourcecode.c.h; path = FMDB.h; sourceTree = "<group>"; };
		18478D981A13670D0018BDEF /* FMResultSet.h */ = {isa = PBXFileReference; fileEncoding = 4; lastKnownFileType = sourcecode.c.h; path = FMResultSet.h; sourceTree = "<group>"; };
		18478D991A13670D0018BDEF /* FMResultSet.m */ = {isa = PBXFileReference; fileEncoding = 4; lastKnownFileType = sourcecode.c.objc; path = FMResultSet.m; sourceTree = "<group>"; };
		18478D9F1A13678C0018BDEF /* libsqlite3.dylib */ = {isa = PBXFileReference; lastKnownFileType = "compiled.mach-o.dylib"; name = libsqlite3.dylib; path = usr/lib/libsqlite3.dylib; sourceTree = SDKROOT; };
		18D294A21A0F644600D0714D /* CMTabBarViewController.h */ = {isa = PBXFileReference; fileEncoding = 4; lastKnownFileType = sourcecode.c.h; path = CMTabBarViewController.h; sourceTree = "<group>"; };
		18D294A31A0F644600D0714D /* CMTabBarViewController.m */ = {isa = PBXFileReference; fileEncoding = 4; lastKnownFileType = sourcecode.c.objc; path = CMTabBarViewController.m; sourceTree = "<group>"; };
		18D3174C1A089AF8003F98C9 /* CM.app */ = {isa = PBXFileReference; explicitFileType = wrapper.application; includeInIndex = 0; path = CM.app; sourceTree = BUILT_PRODUCTS_DIR; };
		18D317501A089AF8003F98C9 /* Info.plist */ = {isa = PBXFileReference; lastKnownFileType = text.plist.xml; path = Info.plist; sourceTree = "<group>"; };
		18D317511A089AF8003F98C9 /* main.m */ = {isa = PBXFileReference; lastKnownFileType = sourcecode.c.objc; path = main.m; sourceTree = "<group>"; };
		18D317531A089AF8003F98C9 /* AppDelegate.h */ = {isa = PBXFileReference; lastKnownFileType = sourcecode.c.h; path = AppDelegate.h; sourceTree = "<group>"; };
		18D317541A089AF8003F98C9 /* AppDelegate.m */ = {isa = PBXFileReference; lastKnownFileType = sourcecode.c.objc; path = AppDelegate.m; sourceTree = "<group>"; };
		18D317561A089AF8003F98C9 /* FirstViewController.h */ = {isa = PBXFileReference; lastKnownFileType = sourcecode.c.h; path = FirstViewController.h; sourceTree = "<group>"; };
		18D317571A089AF8003F98C9 /* FirstViewController.m */ = {isa = PBXFileReference; lastKnownFileType = sourcecode.c.objc; path = FirstViewController.m; sourceTree = "<group>"; };
		18D317591A089AF8003F98C9 /* SecondViewController.h */ = {isa = PBXFileReference; lastKnownFileType = sourcecode.c.h; path = SecondViewController.h; sourceTree = "<group>"; };
		18D3175A1A089AF8003F98C9 /* SecondViewController.m */ = {isa = PBXFileReference; lastKnownFileType = sourcecode.c.objc; path = SecondViewController.m; sourceTree = "<group>"; };
		18D3175D1A089AF8003F98C9 /* Base */ = {isa = PBXFileReference; lastKnownFileType = file.storyboard; name = Base; path = Base.lproj/Main.storyboard; sourceTree = "<group>"; };
		18D3175F1A089AF8003F98C9 /* Images.xcassets */ = {isa = PBXFileReference; lastKnownFileType = folder.assetcatalog; path = Images.xcassets; sourceTree = "<group>"; };
		18D317621A089AF8003F98C9 /* Base */ = {isa = PBXFileReference; lastKnownFileType = file.xib; name = Base; path = Base.lproj/LaunchScreen.xib; sourceTree = "<group>"; };
		18D317681A089AF8003F98C9 /* CMTests.xctest */ = {isa = PBXFileReference; explicitFileType = wrapper.cfbundle; includeInIndex = 0; path = CMTests.xctest; sourceTree = BUILT_PRODUCTS_DIR; };
		18D3176D1A089AF8003F98C9 /* Info.plist */ = {isa = PBXFileReference; lastKnownFileType = text.plist.xml; path = Info.plist; sourceTree = "<group>"; };
		18D3176E1A089AF8003F98C9 /* CMTests.m */ = {isa = PBXFileReference; lastKnownFileType = sourcecode.c.objc; path = CMTests.m; sourceTree = "<group>"; };
		18D317791A089CE7003F98C9 /* First1TableViewController.h */ = {isa = PBXFileReference; fileEncoding = 4; lastKnownFileType = sourcecode.c.h; path = First1TableViewController.h; sourceTree = "<group>"; };
		18D3177A1A089CE7003F98C9 /* First1TableViewController.m */ = {isa = PBXFileReference; fileEncoding = 4; lastKnownFileType = sourcecode.c.objc; path = First1TableViewController.m; sourceTree = "<group>"; };
/* End PBXFileReference section */

/* Begin PBXFrameworksBuildPhase section */
		18D317491A089AF8003F98C9 /* Frameworks */ = {
			isa = PBXFrameworksBuildPhase;
			buildActionMask = 2147483647;
			files = (
				18478DA01A13678C0018BDEF /* libsqlite3.dylib in Frameworks */,
			);
			runOnlyForDeploymentPostprocessing = 0;
		};
		18D317651A089AF8003F98C9 /* Frameworks */ = {
			isa = PBXFrameworksBuildPhase;
			buildActionMask = 2147483647;
			files = (
			);
			runOnlyForDeploymentPostprocessing = 0;
		};
/* End PBXFrameworksBuildPhase section */

/* Begin PBXGroup section */
		18478D691A1354DB0018BDEF /* Public */ = {
			isa = PBXGroup;
			children = (
				18478D6A1A1354FA0018BDEF /* PublicClassMethod.h */,
				18478D6B1A1354FA0018BDEF /* PublicClassMethod.m */,
			);
			name = Public;
			sourceTree = "<group>";
		};
		18478D6D1A13557C0018BDEF /* Header */ = {
			isa = PBXGroup;
			children = (
				18478D6E1A1355C80018BDEF /* Header.h */,
				18478D731A135B4C0018BDEF /* ZWYKeyMacro.h */,
			);
			name = Header;
			sourceTree = "<group>";
		};
		18478D6F1A1359220018BDEF /* cell */ = {
			isa = PBXGroup;
			children = (
				18478D701A1359640018BDEF /* First1NormalCell.h */,
				18478D711A1359640018BDEF /* First1NormalCell.m */,
			);
			name = cell;
			sourceTree = "<group>";
		};
		18478D781A13629F0018BDEF /* DBHelper */ = {
			isa = PBXGroup;
			children = (
				18478D791A1362E00018BDEF /* ZWYDBHelper.h */,
				18478D7A1A1362E00018BDEF /* ZWYDBHelper.m */,
			);
			name = DBHelper;
			sourceTree = "<group>";
		};
		18478D7C1A1363890018BDEF /* ThirdLib */ = {
			isa = PBXGroup;
			children = (
				18478D8E1A13670D0018BDEF /* fmdb */,
			);
			name = ThirdLib;
			sourceTree = "<group>";
		};
		18478D8E1A13670D0018BDEF /* fmdb */ = {
			isa = PBXGroup;
			children = (
				18478D8F1A13670D0018BDEF /* FMDatabase.h */,
				18478D901A13670D0018BDEF /* FMDatabase.m */,
				18478D911A13670D0018BDEF /* FMDatabaseAdditions.h */,
				18478D921A13670D0018BDEF /* FMDatabaseAdditions.m */,
				18478D931A13670D0018BDEF /* FMDatabasePool.h */,
				18478D941A13670D0018BDEF /* FMDatabasePool.m */,
				18478D951A13670D0018BDEF /* FMDatabaseQueue.h */,
				18478D961A13670D0018BDEF /* FMDatabaseQueue.m */,
				18478D971A13670D0018BDEF /* FMDB.h */,
				18478D981A13670D0018BDEF /* FMResultSet.h */,
				18478D991A13670D0018BDEF /* FMResultSet.m */,
			);
			path = fmdb;
			sourceTree = "<group>";
		};
		18D317431A089AF8003F98C9 = {
			isa = PBXGroup;
			children = (
				18D3174E1A089AF8003F98C9 /* CM */,
				18D3176B1A089AF8003F98C9 /* CMTests */,
				18D3174D1A089AF8003F98C9 /* Products */,
				18478D9F1A13678C0018BDEF /* libsqlite3.dylib */,
			);
			sourceTree = "<group>";
		};
		18D3174D1A089AF8003F98C9 /* Products */ = {
			isa = PBXGroup;
			children = (
				18D3174C1A089AF8003F98C9 /* CM.app */,
				18D317681A089AF8003F98C9 /* CMTests.xctest */,
			);
			name = Products;
			sourceTree = "<group>";
		};
		18D3174E1A089AF8003F98C9 /* CM */ = {
			isa = PBXGroup;
			children = (
				18478D7C1A1363890018BDEF /* ThirdLib */,
				18478D781A13629F0018BDEF /* DBHelper */,
				18478D6D1A13557C0018BDEF /* Header */,
				18478D691A1354DB0018BDEF /* Public */,
				18D317781A089CC1003F98C9 /* FirstGroup */,
				18D317531A089AF8003F98C9 /* AppDelegate.h */,
				18D317541A089AF8003F98C9 /* AppDelegate.m */,
				18D317561A089AF8003F98C9 /* FirstViewController.h */,
				18D317571A089AF8003F98C9 /* FirstViewController.m */,
				18D317591A089AF8003F98C9 /* SecondViewController.h */,
				18D3175A1A089AF8003F98C9 /* SecondViewController.m */,
				18D294A21A0F644600D0714D /* CMTabBarViewController.h */,
				18D294A31A0F644600D0714D /* CMTabBarViewController.m */,
				18D3175C1A089AF8003F98C9 /* Main.storyboard */,
				18D3175F1A089AF8003F98C9 /* Images.xcassets */,
				18D317611A089AF8003F98C9 /* LaunchScreen.xib */,
				18D3174F1A089AF8003F98C9 /* Supporting Files */,
			);
			path = CM;
			sourceTree = "<group>";
		};
		18D3174F1A089AF8003F98C9 /* Supporting Files */ = {
			isa = PBXGroup;
			children = (
				18D317501A089AF8003F98C9 /* Info.plist */,
				18D317511A089AF8003F98C9 /* main.m */,
				18478D741A1362300018BDEF /* CM.sql */,
				18478D761A1362800018BDEF /* DBConfig.plist */,
			);
			name = "Supporting Files";
			sourceTree = "<group>";
		};
		18D3176B1A089AF8003F98C9 /* CMTests */ = {
			isa = PBXGroup;
			children = (
				18D3176E1A089AF8003F98C9 /* CMTests.m */,
				18D3176C1A089AF8003F98C9 /* Supporting Files */,
			);
			path = CMTests;
			sourceTree = "<group>";
		};
		18D3176C1A089AF8003F98C9 /* Supporting Files */ = {
			isa = PBXGroup;
			children = (
				18D3176D1A089AF8003F98C9 /* Info.plist */,
			);
			name = "Supporting Files";
			sourceTree = "<group>";
		};
		18D317781A089CC1003F98C9 /* FirstGroup */ = {
			isa = PBXGroup;
			children = (
				18478D6F1A1359220018BDEF /* cell */,
				18D317791A089CE7003F98C9 /* First1TableViewController.h */,
				18D3177A1A089CE7003F98C9 /* First1TableViewController.m */,
			);
			name = FirstGroup;
			sourceTree = "<group>";
		};
/* End PBXGroup section */

/* Begin PBXNativeTarget section */
		18D3174B1A089AF8003F98C9 /* CM */ = {
			isa = PBXNativeTarget;
			buildConfigurationList = 18D317721A089AF8003F98C9 /* Build configuration list for PBXNativeTarget "CM" */;
			buildPhases = (
				18D317481A089AF8003F98C9 /* Sources */,
				18D317491A089AF8003F98C9 /* Frameworks */,
				18D3174A1A089AF8003F98C9 /* Resources */,
			);
			buildRules = (
			);
			dependencies = (
			);
			name = CM;
			productName = CM;
			productReference = 18D3174C1A089AF8003F98C9 /* CM.app */;
			productType = "com.apple.product-type.application";
		};
		18D317671A089AF8003F98C9 /* CMTests */ = {
			isa = PBXNativeTarget;
			buildConfigurationList = 18D317751A089AF8003F98C9 /* Build configuration list for PBXNativeTarget "CMTests" */;
			buildPhases = (
				18D317641A089AF8003F98C9 /* Sources */,
				18D317651A089AF8003F98C9 /* Frameworks */,
				18D317661A089AF8003F98C9 /* Resources */,
			);
			buildRules = (
			);
			dependencies = (
				18D3176A1A089AF8003F98C9 /* PBXTargetDependency */,
			);
			name = CMTests;
			productName = CMTests;
			productReference = 18D317681A089AF8003F98C9 /* CMTests.xctest */;
			productType = "com.apple.product-type.bundle.unit-test";
		};
/* End PBXNativeTarget section */

/* Begin PBXProject section */
		18D317441A089AF8003F98C9 /* Project object */ = {
			isa = PBXProject;
			attributes = {
				LastUpgradeCheck = 0610;
				ORGANIZATIONNAME = zwy;
				TargetAttributes = {
					18D3174B1A089AF8003F98C9 = {
						CreatedOnToolsVersion = 6.1;
					};
					18D317671A089AF8003F98C9 = {
						CreatedOnToolsVersion = 6.1;
						TestTargetID = 18D3174B1A089AF8003F98C9;
					};
				};
			};
			buildConfigurationList = 18D317471A089AF8003F98C9 /* Build configuration list for PBXProject "CM" */;
			compatibilityVersion = "Xcode 3.2";
			developmentRegion = English;
			hasScannedForEncodings = 0;
			knownRegions = (
				en,
				Base,
			);
			mainGroup = 18D317431A089AF8003F98C9;
			productRefGroup = 18D3174D1A089AF8003F98C9 /* Products */;
			projectDirPath = "";
			projectRoot = "";
			targets = (
				18D3174B1A089AF8003F98C9 /* CM */,
				18D317671A089AF8003F98C9 /* CMTests */,
			);
		};
/* End PBXProject section */

/* Begin PBXResourcesBuildPhase section */
		18D3174A1A089AF8003F98C9 /* Resources */ = {
			isa = PBXResourcesBuildPhase;
			buildActionMask = 2147483647;
			files = (
				18478D771A1362800018BDEF /* DBConfig.plist in Resources */,
				18478D751A1362300018BDEF /* CM.sql in Resources */,
				18D3175E1A089AF8003F98C9 /* Main.storyboard in Resources */,
				18D317631A089AF8003F98C9 /* LaunchScreen.xib in Resources */,
				18D317601A089AF8003F98C9 /* Images.xcassets in Resources */,
			);
			runOnlyForDeploymentPostprocessing = 0;
		};
		18D317661A089AF8003F98C9 /* Resources */ = {
			isa = PBXResourcesBuildPhase;
			buildActionMask = 2147483647;
			files = (
			);
			runOnlyForDeploymentPostprocessing = 0;
		};
/* End PBXResourcesBuildPhase section */

/* Begin PBXSourcesBuildPhase section */
		18D317481A089AF8003F98C9 /* Sources */ = {
			isa = PBXSourcesBuildPhase;
			buildActionMask = 2147483647;
			files = (
				18D294A41A0F644600D0714D /* CMTabBarViewController.m in Sources */,
				18478D9C1A13670D0018BDEF /* FMDatabasePool.m in Sources */,
				18478D9E1A13670D0018BDEF /* FMResultSet.m in Sources */,
				18D3177B1A089CE7003F98C9 /* First1TableViewController.m in Sources */,
				18D3175B1A089AF8003F98C9 /* SecondViewController.m in Sources */,
				18478D9D1A13670D0018BDEF /* FMDatabaseQueue.m in Sources */,
				18478D9A1A13670D0018BDEF /* FMDatabase.m in Sources */,
				18D317551A089AF8003F98C9 /* AppDelegate.m in Sources */,
				18478D6C1A1354FA0018BDEF /* PublicClassMethod.m in Sources */,
				18D317581A089AF8003F98C9 /* FirstViewController.m in Sources */,
				18478D9B1A13670D0018BDEF /* FMDatabaseAdditions.m in Sources */,
				18D317521A089AF8003F98C9 /* main.m in Sources */,
				18478D721A1359640018BDEF /* First1NormalCell.m in Sources */,
				18478D7B1A1362E00018BDEF /* ZWYDBHelper.m in Sources */,
			);
			runOnlyForDeploymentPostprocessing = 0;
		};
		18D317641A089AF8003F98C9 /* Sources */ = {
			isa = PBXSourcesBuildPhase;
			buildActionMask = 2147483647;
			files = (
				18D3176F1A089AF8003F98C9 /* CMTests.m in Sources */,
			);
			runOnlyForDeploymentPostprocessing = 0;
		};
/* End PBXSourcesBuildPhase section */

/* Begin PBXTargetDependency section */
		18D3176A1A089AF8003F98C9 /* PBXTargetDependency */ = {
			isa = PBXTargetDependency;
			target = 18D3174B1A089AF8003F98C9 /* CM */;
			targetProxy = 18D317691A089AF8003F98C9 /* PBXContainerItemProxy */;
		};
/* End PBXTargetDependency section */

/* Begin PBXVariantGroup section */
		18D3175C1A089AF8003F98C9 /* Main.storyboard */ = {
			isa = PBXVariantGroup;
			children = (
				18D3175D1A089AF8003F98C9 /* Base */,
			);
			name = Main.storyboard;
			sourceTree = "<group>";
		};
		18D317611A089AF8003F98C9 /* LaunchScreen.xib */ = {
			isa = PBXVariantGroup;
			children = (
				18D317621A089AF8003F98C9 /* Base */,
			);
			name = LaunchScreen.xib;
			sourceTree = "<group>";
		};
/* End PBXVariantGroup section */

/* Begin XCBuildConfiguration section */
		18D317701A089AF8003F98C9 /* Debug */ = {
			isa = XCBuildConfiguration;
			buildSettings = {
				ALWAYS_SEARCH_USER_PATHS = NO;
				CLANG_CXX_LANGUAGE_STANDARD = "gnu++0x";
				CLANG_CXX_LIBRARY = "libc++";
				CLANG_ENABLE_MODULES = YES;
				CLANG_ENABLE_OBJC_ARC = YES;
				CLANG_WARN_BOOL_CONVERSION = YES;
				CLANG_WARN_CONSTANT_CONVERSION = YES;
				CLANG_WARN_DIRECT_OBJC_ISA_USAGE = YES_ERROR;
				CLANG_WARN_EMPTY_BODY = YES;
				CLANG_WARN_ENUM_CONVERSION = YES;
				CLANG_WARN_INT_CONVERSION = YES;
				CLANG_WARN_OBJC_ROOT_CLASS = YES_ERROR;
				CLANG_WARN_UNREACHABLE_CODE = YES;
				CLANG_WARN__DUPLICATE_METHOD_MATCH = YES;
				"CODE_SIGN_IDENTITY[sdk=iphoneos*]" = "iPhone Developer";
				COPY_PHASE_STRIP = NO;
				ENABLE_STRICT_OBJC_MSGSEND = YES;
				GCC_C_LANGUAGE_STANDARD = gnu99;
				GCC_DYNAMIC_NO_PIC = NO;
				GCC_OPTIMIZATION_LEVEL = 0;
				GCC_PREPROCESSOR_DEFINITIONS = (
					"DEBUG=1",
					"$(inherited)",
				);
				GCC_SYMBOLS_PRIVATE_EXTERN = NO;
				GCC_WARN_64_TO_32_BIT_CONVERSION = YES;
				GCC_WARN_ABOUT_RETURN_TYPE = YES_ERROR;
				GCC_WARN_UNDECLARED_SELECTOR = YES;
				GCC_WARN_UNINITIALIZED_AUTOS = YES_AGGRESSIVE;
				GCC_WARN_UNUSED_FUNCTION = YES;
				GCC_WARN_UNUSED_VARIABLE = YES;
				IPHONEOS_DEPLOYMENT_TARGET = 8.1;
				MTL_ENABLE_DEBUG_INFO = YES;
				ONLY_ACTIVE_ARCH = YES;
				SDKROOT = iphoneos;
			};
			name = Debug;
		};
		18D317711A089AF8003F98C9 /* Release */ = {
			isa = XCBuildConfiguration;
			buildSettings = {
				ALWAYS_SEARCH_USER_PATHS = NO;
				CLANG_CXX_LANGUAGE_STANDARD = "gnu++0x";
				CLANG_CXX_LIBRARY = "libc++";
				CLANG_ENABLE_MODULES = YES;
				CLANG_ENABLE_OBJC_ARC = YES;
				CLANG_WARN_BOOL_CONVERSION = YES;
				CLANG_WARN_CONSTANT_CONVERSION = YES;
				CLANG_WARN_DIRECT_OBJC_ISA_USAGE = YES_ERROR;
				CLANG_WARN_EMPTY_BODY = YES;
				CLANG_WARN_ENUM_CONVERSION = YES;
				CLANG_WARN_INT_CONVERSION = YES;
				CLANG_WARN_OBJC_ROOT_CLASS = YES_ERROR;
				CLANG_WARN_UNREACHABLE_CODE = YES;
				CLANG_WARN__DUPLICATE_METHOD_MATCH = YES;
				"CODE_SIGN_IDENTITY[sdk=iphoneos*]" = "iPhone Developer";
				COPY_PHASE_STRIP = YES;
				ENABLE_NS_ASSERTIONS = NO;
				ENABLE_STRICT_OBJC_MSGSEND = YES;
				GCC_C_LANGUAGE_STANDARD = gnu99;
				GCC_WARN_64_TO_32_BIT_CONVERSION = YES;
				GCC_WARN_ABOUT_RETURN_TYPE = YES_ERROR;
				GCC_WARN_UNDECLARED_SELECTOR = YES;
				GCC_WARN_UNINITIALIZED_AUTOS = YES_AGGRESSIVE;
				GCC_WARN_UNUSED_FUNCTION = YES;
				GCC_WARN_UNUSED_VARIABLE = YES;
				IPHONEOS_DEPLOYMENT_TARGET = 8.1;
				MTL_ENABLE_DEBUG_INFO = NO;
				SDKROOT = iphoneos;
				VALIDATE_PRODUCT = YES;
			};
			name = Release;
		};
		18D317731A089AF8003F98C9 /* Debug */ = {
			isa = XCBuildConfiguration;
			buildSettings = {
				ASSETCATALOG_COMPILER_APPICON_NAME = AppIcon;
				ASSETCATALOG_COMPILER_LAUNCHIMAGE_NAME = LaunchImage;
				INFOPLIST_FILE = CM/Info.plist;
				IPHONEOS_DEPLOYMENT_TARGET = 7.0;
				LD_RUNPATH_SEARCH_PATHS = "$(inherited) @executable_path/Frameworks";
				PRODUCT_NAME = "$(TARGET_NAME)";
			};
			name = Debug;
		};
		18D317741A089AF8003F98C9 /* Release */ = {
			isa = XCBuildConfiguration;
			buildSettings = {
				ASSETCATALOG_COMPILER_APPICON_NAME = AppIcon;
				ASSETCATALOG_COMPILER_LAUNCHIMAGE_NAME = LaunchImage;
				INFOPLIST_FILE = CM/Info.plist;
				IPHONEOS_DEPLOYMENT_TARGET = 7.0;
				LD_RUNPATH_SEARCH_PATHS = "$(inherited) @executable_path/Frameworks";
				PRODUCT_NAME = "$(TARGET_NAME)";
			};
			name = Release;
		};
		18D317761A089AF8003F98C9 /* Debug */ = {
			isa = XCBuildConfiguration;
			buildSettings = {
				BUNDLE_LOADER = "$(TEST_HOST)";
				FRAMEWORK_SEARCH_PATHS = (
					"$(SDKROOT)/Developer/Library/Frameworks",
					"$(inherited)",
				);
				GCC_PREPROCESSOR_DEFINITIONS = (
					"DEBUG=1",
					"$(inherited)",
				);
				INFOPLIST_FILE = CMTests/Info.plist;
				LD_RUNPATH_SEARCH_PATHS = "$(inherited) @executable_path/Frameworks @loader_path/Frameworks";
				PRODUCT_NAME = "$(TARGET_NAME)";
				TEST_HOST = "$(BUILT_PRODUCTS_DIR)/CM.app/CM";
			};
			name = Debug;
		};
		18D317771A089AF8003F98C9 /* Release */ = {
			isa = XCBuildConfiguration;
			buildSettings = {
				BUNDLE_LOADER = "$(TEST_HOST)";
				FRAMEWORK_SEARCH_PATHS = (
					"$(SDKROOT)/Developer/Library/Frameworks",
					"$(inherited)",
				);
				INFOPLIST_FILE = CMTests/Info.plist;
				LD_RUNPATH_SEARCH_PATHS = "$(inherited) @executable_path/Frameworks @loader_path/Frameworks";
				PRODUCT_NAME = "$(TARGET_NAME)";
				TEST_HOST = "$(BUILT_PRODUCTS_DIR)/CM.app/CM";
			};
			name = Release;
		};
/* End XCBuildConfiguration section */

/* Begin XCConfigurationList section */
		18D317471A089AF8003F98C9 /* Build configuration list for PBXProject "CM" */ = {
			isa = XCConfigurationList;
			buildConfigurations = (
				18D317701A089AF8003F98C9 /* Debug */,
				18D317711A089AF8003F98C9 /* Release */,
			);
			defaultConfigurationIsVisible = 0;
			defaultConfigurationName = Release;
		};
		18D317721A089AF8003F98C9 /* Build configuration list for PBXNativeTarget "CM" */ = {
			isa = XCConfigurationList;
			buildConfigurations = (
				18D317731A089AF8003F98C9 /* Debug */,
				18D317741A089AF8003F98C9 /* Release */,
			);
			defaultConfigurationIsVisible = 0;
			defaultConfigurationName = Release;
		};
		18D317751A089AF8003F98C9 /* Build configuration list for PBXNativeTarget "CMTests" */ = {
			isa = XCConfigurationList;
			buildConfigurations = (
				18D317761A089AF8003F98C9 /* Debug */,
				18D317771A089AF8003F98C9 /* Release */,
			);
			defaultConfigurationIsVisible = 0;
			defaultConfigurationName = Release;
		};
/* End XCConfigurationList section */
	};
	rootObject = 18D317441A089AF8003F98C9 /* Project object */;
}
